
Microsoft Visual Studio Solution File, Format Version 12.00
# Visual Studio Version 16
VisualStudioVersion = 16.0.29613.14
MinimumVisualStudioVersion = 10.0.40219.1
Project("{FAE04EC0-301F-11D3-BF4B-00C04F79EFBC}") = "DryIocEpi.Tests", "tests\DryIocEpi.Tests\DryIocEpi.Tests.csproj", "{9A3738A9-0D8A-4131-A28B-E15179373C77}"
EndProject
Project("{9A19103F-16F7-4668-BE54-9A1E7A4F7556}") = "DryIocEpi", "src\DryIocEpi\DryIocEpi.csproj", "{C1529C1A-E2DB-4908-BD3F-4D2667FFCB9B}"
EndProject
Global
	GlobalSection(SolutionConfigurationPlatforms) = preSolution
		Debug|Any CPU = Debug|Any CPU
		Release|Any CPU = Release|Any CPU
	EndGlobalSection
	GlobalSection(ProjectConfigurationPlatforms) = postSolution
		{9A3738A9-0D8A-4131-A28B-E15179373C77}.Debug|Any CPU.ActiveCfg = Debug|Any CPU
		{9A3738A9-0D8A-4131-A28B-E15179373C77}.Debug|Any CPU.Build.0 = Debug|Any CPU
		{9A3738A9-0D8A-4131-A28B-E15179373C77}.Release|Any CPU.ActiveCfg = Release|Any CPU
		{9A3738A9-0D8A-4131-A28B-E15179373C77}.Release|Any CPU.Build.0 = Release|Any CPU
		{C1529C1A-E2DB-4908-BD3F-4D2667FFCB9B}.Debug|Any CPU.ActiveCfg = Debug|Any CPU
		{C1529C1A-E2DB-4908-BD3F-4D2667FFCB9B}.Debug|Any CPU.Build.0 = Debug|Any CPU
		{C1529C1A-E2DB-4908-BD3F-4D2667FFCB9B}.Release|Any CPU.ActiveCfg = Release|Any CPU
		{C1529C1A-E2DB-4908-BD3F-4D2667FFCB9B}.Release|Any CPU.Build.0 = Release|Any CPU
	EndGlobalSection
	GlobalSection(SolutionProperties) = preSolution
		HideSolutionNode = FALSE
	EndGlobalSection
	GlobalSection(ExtensibilityGlobals) = postSolution
		SolutionGuid = {2156DF0A-CC00-4CAE-8F8F-B3CEF3D8B144}
	EndGlobalSection
EndGlobal
