
Microsoft Visual Studio Solution File, Format Version 12.00
# Visual Studio Version 16
VisualStudioVersion = 16.0.29613.14
MinimumVisualStudioVersion = 10.0.40219.1
Project("{9A19103F-16F7-4668-BE54-9A1E7A4F7556}") = "EpiserverIoc.Locators.DryIocPure", "src\EpiserverIoc.Locators.DryIocPure\EpiserverIoc.Locators.DryIocPure.csproj", "{C1529C1A-E2DB-4908-BD3F-4D2667FFCB9B}"
EndProject
Project("{FAE04EC0-301F-11D3-BF4B-00C04F79EFBC}") = "Alloy", "tests\Alloy\Alloy.csproj", "{0A09F273-B981-495C-AB6F-7C2EEBAA1A9A}"
EndProject
Project("{2150E333-8FDC-42A3-9474-1A3956D46DE8}") = "Tests", "Tests", "{79CC1FC0-759A-4567-B9E5-A44E901ADEDB}"
EndProject
Project("{2150E333-8FDC-42A3-9474-1A3956D46DE8}") = "_Solution Items", "_Solution Items", "{09911C8C-02B6-4557-B090-27EE3123854C}"
	ProjectSection(SolutionItems) = preProject
		.editorconfig = .editorconfig
		.gitignore = .gitignore
		readme.md = readme.md
	EndProjectSection
EndProject
Project("{9A19103F-16F7-4668-BE54-9A1E7A4F7556}") = "EpiserverIoc.AspNet", "src\EpiserverIoc.AspNet\EpiserverIoc.AspNet.csproj", "{90D20599-7EC4-4836-A016-E8A887B08287}"
EndProject
Project("{9A19103F-16F7-4668-BE54-9A1E7A4F7556}") = "EpiserverIoc.Locators.DryIoc", "src\EpiserverIoc.Locators.DryIoc\EpiserverIoc.Locators.DryIoc.csproj", "{3C937F3E-9820-473F-BA30-6A12C9F770F7}"
EndProject
Project("{9A19103F-16F7-4668-BE54-9A1E7A4F7556}") = "EpiserverIoc.Locators.Grace", "src\EpiserverIoc.Locators.Grace\EpiserverIoc.Locators.Grace.csproj", "{43F311E8-B772-47E2-971E-22486F909ADF}"
EndProject
Project("{9A19103F-16F7-4668-BE54-9A1E7A4F7556}") = "EpiserverIoc.Core.Tests.DryIoc", "tests\EpiserverIoc.Core.Tests.DryIoc\EpiserverIoc.Core.Tests.DryIoc.csproj", "{5F57E7BA-4683-4AA0-9586-B88AE873BBD0}"
EndProject
Project("{9A19103F-16F7-4668-BE54-9A1E7A4F7556}") = "EpiserverIoc.Core.Tests.Grace", "tests\EpiserverIoc.Core.Tests.Grace\EpiserverIoc.Core.Tests.Grace.csproj", "{5563B6CA-14A5-4BCE-AC71-2BBEDC9F0D6B}"
EndProject
Project("{9A19103F-16F7-4668-BE54-9A1E7A4F7556}") = "EpiserverIoc.Abstractions", "src\EpiserverIoc.Abstractions\EpiserverIoc.Abstractions.csproj", "{E05B026E-C18C-41A6-932C-56D95B82E170}"
EndProject
Project("{9A19103F-16F7-4668-BE54-9A1E7A4F7556}") = "EpiserverIoc.Core", "src\EpiserverIoc.Core\EpiserverIoc.Core.csproj", "{273DE733-4360-4C09-99D3-365E7C9197B4}"
EndProject
Project("{9A19103F-16F7-4668-BE54-9A1E7A4F7556}") = "EpiserverIoc.Locators.MicrosoftDI", "src\EpiserverIoc.Locators.MicrosoftDI\EpiserverIoc.Locators.MicrosoftDI.csproj", "{BE80AC4F-2412-4ED7-9850-974EDA9F66D0}"
EndProject
Project("{9A19103F-16F7-4668-BE54-9A1E7A4F7556}") = "EpiserverIoc.Core.Tests.MicrosoftDI", "tests\EpiserverIoc.Core.Tests.MicrosoftDI\EpiserverIoc.Core.Tests.MicrosoftDI.csproj", "{281CB0F4-0A79-4271-BA41-A5A99C69EBDB}"
EndProject
Global
	GlobalSection(SolutionConfigurationPlatforms) = preSolution
		Debug|Any CPU = Debug|Any CPU
		Release|Any CPU = Release|Any CPU
	EndGlobalSection
	GlobalSection(ProjectConfigurationPlatforms) = postSolution
		{C1529C1A-E2DB-4908-BD3F-4D2667FFCB9B}.Debug|Any CPU.ActiveCfg = Debug|Any CPU
		{C1529C1A-E2DB-4908-BD3F-4D2667FFCB9B}.Debug|Any CPU.Build.0 = Debug|Any CPU
		{C1529C1A-E2DB-4908-BD3F-4D2667FFCB9B}.Release|Any CPU.ActiveCfg = Release|Any CPU
		{C1529C1A-E2DB-4908-BD3F-4D2667FFCB9B}.Release|Any CPU.Build.0 = Release|Any CPU
		{0A09F273-B981-495C-AB6F-7C2EEBAA1A9A}.Debug|Any CPU.ActiveCfg = Debug|Any CPU
		{0A09F273-B981-495C-AB6F-7C2EEBAA1A9A}.Debug|Any CPU.Build.0 = Debug|Any CPU
		{0A09F273-B981-495C-AB6F-7C2EEBAA1A9A}.Release|Any CPU.ActiveCfg = Release|Any CPU
		{0A09F273-B981-495C-AB6F-7C2EEBAA1A9A}.Release|Any CPU.Build.0 = Release|Any CPU
		{90D20599-7EC4-4836-A016-E8A887B08287}.Debug|Any CPU.ActiveCfg = Debug|Any CPU
		{90D20599-7EC4-4836-A016-E8A887B08287}.Debug|Any CPU.Build.0 = Debug|Any CPU
		{90D20599-7EC4-4836-A016-E8A887B08287}.Release|Any CPU.ActiveCfg = Release|Any CPU
		{90D20599-7EC4-4836-A016-E8A887B08287}.Release|Any CPU.Build.0 = Release|Any CPU
		{3C937F3E-9820-473F-BA30-6A12C9F770F7}.Debug|Any CPU.ActiveCfg = Debug|Any CPU
		{3C937F3E-9820-473F-BA30-6A12C9F770F7}.Debug|Any CPU.Build.0 = Debug|Any CPU
		{3C937F3E-9820-473F-BA30-6A12C9F770F7}.Release|Any CPU.ActiveCfg = Release|Any CPU
		{3C937F3E-9820-473F-BA30-6A12C9F770F7}.Release|Any CPU.Build.0 = Release|Any CPU
		{43F311E8-B772-47E2-971E-22486F909ADF}.Debug|Any CPU.ActiveCfg = Debug|Any CPU
		{43F311E8-B772-47E2-971E-22486F909ADF}.Debug|Any CPU.Build.0 = Debug|Any CPU
		{43F311E8-B772-47E2-971E-22486F909ADF}.Release|Any CPU.ActiveCfg = Release|Any CPU
		{43F311E8-B772-47E2-971E-22486F909ADF}.Release|Any CPU.Build.0 = Release|Any CPU
		{5F57E7BA-4683-4AA0-9586-B88AE873BBD0}.Debug|Any CPU.ActiveCfg = Debug|Any CPU
		{5F57E7BA-4683-4AA0-9586-B88AE873BBD0}.Debug|Any CPU.Build.0 = Debug|Any CPU
		{5F57E7BA-4683-4AA0-9586-B88AE873BBD0}.Release|Any CPU.ActiveCfg = Release|Any CPU
		{5F57E7BA-4683-4AA0-9586-B88AE873BBD0}.Release|Any CPU.Build.0 = Release|Any CPU
		{5563B6CA-14A5-4BCE-AC71-2BBEDC9F0D6B}.Debug|Any CPU.ActiveCfg = Debug|Any CPU
		{5563B6CA-14A5-4BCE-AC71-2BBEDC9F0D6B}.Debug|Any CPU.Build.0 = Debug|Any CPU
		{5563B6CA-14A5-4BCE-AC71-2BBEDC9F0D6B}.Release|Any CPU.ActiveCfg = Release|Any CPU
		{5563B6CA-14A5-4BCE-AC71-2BBEDC9F0D6B}.Release|Any CPU.Build.0 = Release|Any CPU
		{E05B026E-C18C-41A6-932C-56D95B82E170}.Debug|Any CPU.ActiveCfg = Debug|Any CPU
		{E05B026E-C18C-41A6-932C-56D95B82E170}.Debug|Any CPU.Build.0 = Debug|Any CPU
		{E05B026E-C18C-41A6-932C-56D95B82E170}.Release|Any CPU.ActiveCfg = Release|Any CPU
		{E05B026E-C18C-41A6-932C-56D95B82E170}.Release|Any CPU.Build.0 = Release|Any CPU
		{273DE733-4360-4C09-99D3-365E7C9197B4}.Debug|Any CPU.ActiveCfg = Debug|Any CPU
		{273DE733-4360-4C09-99D3-365E7C9197B4}.Debug|Any CPU.Build.0 = Debug|Any CPU
		{273DE733-4360-4C09-99D3-365E7C9197B4}.Release|Any CPU.ActiveCfg = Release|Any CPU
		{273DE733-4360-4C09-99D3-365E7C9197B4}.Release|Any CPU.Build.0 = Release|Any CPU
		{BE80AC4F-2412-4ED7-9850-974EDA9F66D0}.Debug|Any CPU.ActiveCfg = Debug|Any CPU
		{BE80AC4F-2412-4ED7-9850-974EDA9F66D0}.Debug|Any CPU.Build.0 = Debug|Any CPU
		{BE80AC4F-2412-4ED7-9850-974EDA9F66D0}.Release|Any CPU.ActiveCfg = Release|Any CPU
		{BE80AC4F-2412-4ED7-9850-974EDA9F66D0}.Release|Any CPU.Build.0 = Release|Any CPU
		{281CB0F4-0A79-4271-BA41-A5A99C69EBDB}.Debug|Any CPU.ActiveCfg = Debug|Any CPU
		{281CB0F4-0A79-4271-BA41-A5A99C69EBDB}.Debug|Any CPU.Build.0 = Debug|Any CPU
		{281CB0F4-0A79-4271-BA41-A5A99C69EBDB}.Release|Any CPU.ActiveCfg = Release|Any CPU
		{281CB0F4-0A79-4271-BA41-A5A99C69EBDB}.Release|Any CPU.Build.0 = Release|Any CPU
	EndGlobalSection
	GlobalSection(SolutionProperties) = preSolution
		HideSolutionNode = FALSE
	EndGlobalSection
	GlobalSection(NestedProjects) = preSolution
		{0A09F273-B981-495C-AB6F-7C2EEBAA1A9A} = {79CC1FC0-759A-4567-B9E5-A44E901ADEDB}
		{5F57E7BA-4683-4AA0-9586-B88AE873BBD0} = {79CC1FC0-759A-4567-B9E5-A44E901ADEDB}
		{5563B6CA-14A5-4BCE-AC71-2BBEDC9F0D6B} = {79CC1FC0-759A-4567-B9E5-A44E901ADEDB}
		{281CB0F4-0A79-4271-BA41-A5A99C69EBDB} = {79CC1FC0-759A-4567-B9E5-A44E901ADEDB}
	EndGlobalSection
	GlobalSection(ExtensibilityGlobals) = postSolution
		SolutionGuid = {2156DF0A-CC00-4CAE-8F8F-B3CEF3D8B144}
	EndGlobalSection
EndGlobal
